{
  "object": {
    "pins": [
      {
        "package": "Punycode",
        "repositoryURL": "https://github.com/gumob/PunycodeSwift.git",
        "state": {
          "branch": null,
          "revision": "d623c012351891002c57f5a44564272ca1353fda",
          "version": "3.0.0"
        }
      }
    ]
  },
  "version": 1
}
